{
    "_readme": [
        "This file locks the dependencies of your project to a known state",
        "Read more about it at https://getcomposer.org/doc/01-basic-usage.md#composer-lock-the-lock-file",
        "This file is @generated automatically"
    ],
    "hash": "3365da8d63a1f498d24e3207783b1b9d",
    "content-hash": "4582c093d8c7605e666d489d1819a227",
    "packages": [
        {
            "name": "piwik",
            "version": "2.16.1",
            "dist": {
                "type": "zip",
                "url": "https://builds.piwik.org/piwik-2.16.1.zip",
                "reference": null,
                "shasum": null
            },
            "type": "project"
        }
    ],
    "packages-dev": [],
    "aliases": [],
    "minimum-stability": "stable",
    "stability-flags": [],
    "prefer-stable": false,
    "prefer-lowest": false,
    "platform": {
        "php": "~7.0.3",
        "ext-mbstring": "*",
        "ext-gd": "*"
    },
    "platform-dev": []
}
