{
    "_readme": [
        "This file locks the dependencies of your project to a known state",
        "Read more about it at https://getcomposer.org/doc/01-basic-usage.md#composer-lock-the-lock-file",
        "This file is @generated automatically"
    ],
    "hash": "14942c0e2b8d924a499d1e3d4d973fb3",
    "content-hash": "1c81760140cc9211abec46fbff8939ee",
    "packages": [
        {
            "name": "piwik",
            "version": "2.16.0",
            "dist": {
                "type": "zip",
                "url": "https://builds.piwik.org/piwik-2.16.0.zip",
                "reference": null,
                "shasum": null
            },
            "type": "project"
        }
    ],
    "packages-dev": [],
    "aliases": [],
    "minimum-stability": "stable",
    "stability-flags": [],
    "prefer-stable": false,
    "prefer-lowest": false,
    "platform": {
        "php": "~7.0.3",
        "ext-mbstring": "*",
        "ext-gd": "*"
    },
    "platform-dev": []
}
