{
    "_readme": [
        "This file locks the dependencies of your project to a known state",
        "Read more about it at https://getcomposer.org/doc/01-basic-usage.md#composer-lock-the-lock-file",
        "This file is @generated automatically"
    ],
    "hash": "754bd4faa78b50f895738ab2b744896a",
    "content-hash": "74a1aad387a72c828c639c9dfb1ca312",
    "packages": [
        {
            "name": "piwik",
            "version": "2.15.0",
            "dist": {
                "type": "zip",
                "url": "http://builds.piwik.org/piwik-2.15.0.zip",
                "reference": null,
                "shasum": null
            },
            "type": "project"
        }
    ],
    "packages-dev": [],
    "aliases": [],
    "minimum-stability": "stable",
    "stability-flags": [],
    "prefer-stable": false,
    "prefer-lowest": false,
    "platform": {
        "php": ">=5.3.3",
        "ext-mbstring": "*",
        "ext-gd": "*"
    },
    "platform-dev": []
}
